// !$*UTF8*$!
{
	archiveVersion = 1;
	classes = {
	};
	objectVersion = 46;
	objects = {

/* Begin PBXBuildFile section */
		1A4D82561EB0320B00C6BCD8 /* AppDelegate.swift in Sources */ = {isa = PBXBuildFile; fileRef = 1A4D82551EB0320B00C6BCD8 /* AppDelegate.swift */; };
		1A4D82581EB0320B00C6BCD8 /* ReceiptsListViewController.swift in Sources */ = {isa = PBXBuildFile; fileRef = 1A4D82571EB0320B00C6BCD8 /* ReceiptsListViewController.swift */; };
		1A4D825B1EB0320B00C6BCD8 /* Main.storyboard in Resources */ = {isa = PBXBuildFile; fileRef = 1A4D82591EB0320B00C6BCD8 /* Main.storyboard */; };
		1A4D825D1EB0320B00C6BCD8 /* Assets.xcassets in Resources */ = {isa = PBXBuildFile; fileRef = 1A4D825C1EB0320B00C6BCD8 /* Assets.xcassets */; };
		1A4D82601EB0320B00C6BCD8 /* LaunchScreen.storyboard in Resources */ = {isa = PBXBuildFile; fileRef = 1A4D825E1EB0320B00C6BCD8 /* LaunchScreen.storyboard */; };
		1A4D826B1EB0320B00C6BCD8 /* ReceiptsTests.swift in Sources */ = {isa = PBXBuildFile; fileRef = 1A4D826A1EB0320B00C6BCD8 /* ReceiptsTests.swift */; };
		1A4D82761EB0320C00C6BCD8 /* ReceiptsUITests.swift in Sources */ = {isa = PBXBuildFile; fileRef = 1A4D82751EB0320C00C6BCD8 /* ReceiptsUITests.swift */; };
		1A73EF891EB7C19300089FD3 /* ReceiptDetailViewController.swift in Sources */ = {isa = PBXBuildFile; fileRef = 1A73EF881EB7C19300089FD3 /* ReceiptDetailViewController.swift */; };
		1A73EF8B1EB7D26500089FD3 /* NewReceiptFormViewController.swift in Sources */ = {isa = PBXBuildFile; fileRef = 1A73EF8A1EB7D26500089FD3 /* NewReceiptFormViewController.swift */; };
		1A73EF8D1EB7DC0A00089FD3 /* DatePickerInputView.swift in Sources */ = {isa = PBXBuildFile; fileRef = 1A73EF8C1EB7DC0A00089FD3 /* DatePickerInputView.swift */; };
		1A73EF8F1EB7DCAD00089FD3 /* DatePickerInputView.xib in Resources */ = {isa = PBXBuildFile; fileRef = 1A73EF8E1EB7DCAD00089FD3 /* DatePickerInputView.xib */; };
		1AB24BCD1EC36A5F005E52B1 /* ReceiptRemoteStore.swift in Sources */ = {isa = PBXBuildFile; fileRef = 1AB24BCC1EC36A5F005E52B1 /* ReceiptRemoteStore.swift */; };
		1AB24BCF1EC36E71005E52B1 /* RandomRemoteStoreDataSource.swift in Sources */ = {isa = PBXBuildFile; fileRef = 1AB24BCE1EC36E71005E52B1 /* RandomRemoteStoreDataSource.swift */; };
		1AB24BD11EC3A9DD005E52B1 /* sample-receipt.jpg in Resources */ = {isa = PBXBuildFile; fileRef = 1AB24BD01EC3A9DD005E52B1 /* sample-receipt.jpg */; };
		1AD4AF251EB033F30019DEA2 /* Receipt.swift in Sources */ = {isa = PBXBuildFile; fileRef = 1AD4AF241EB033F30019DEA2 /* Receipt.swift */; };
		1AD4AF281EB0399F0019DEA2 /* ReceiptTableViewCell.swift in Sources */ = {isa = PBXBuildFile; fileRef = 1AD4AF271EB0399F0019DEA2 /* ReceiptTableViewCell.swift */; };
		1AF199331ECC0AB400D08AB7 /* NewReceiptFormViewControllerTests.swift in Sources */ = {isa = PBXBuildFile; fileRef = 1AF199321ECC0AB400D08AB7 /* NewReceiptFormViewControllerTests.swift */; };
		53B42164BEFEA4ECF8B3ADBD /* Pods_ReceiptsTests.framework in Frameworks */ = {isa = PBXBuildFile; fileRef = 32310D65E99E91D1347CB872 /* Pods_ReceiptsTests.framework */; };
/* End PBXBuildFile section */

/* Begin PBXContainerItemProxy section */
		1A4D82671EB0320B00C6BCD8 /* PBXContainerItemProxy */ = {
			isa = PBXContainerItemProxy;
			containerPortal = 1A4D824A1EB0320B00C6BCD8 /* Project object */;
			proxyType = 1;
			remoteGlobalIDString = 1A4D82511EB0320B00C6BCD8;
			remoteInfo = Receipts;
		};
		1A4D82721EB0320B00C6BCD8 /* PBXContainerItemProxy */ = {
			isa = PBXContainerItemProxy;
			containerPortal = 1A4D824A1EB0320B00C6BCD8 /* Project object */;
			proxyType = 1;
			remoteGlobalIDString = 1A4D82511EB0320B00C6BCD8;
			remoteInfo = Receipts;
		};
/* End PBXContainerItemProxy section */

/* Begin PBXFileReference section */
		1A4D82521EB0320B00C6BCD8 /* Receipts.app */ = {isa = PBXFileReference; explicitFileType = wrapper.application; includeInIndex = 0; path = Receipts.app; sourceTree = BUILT_PRODUCTS_DIR; };
		1A4D82551EB0320B00C6BCD8 /* AppDelegate.swift */ = {isa = PBXFileReference; lastKnownFileType = sourcecode.swift; path = AppDelegate.swift; sourceTree = "<group>"; };
		1A4D82571EB0320B00C6BCD8 /* ReceiptsListViewController.swift */ = {isa = PBXFileReference; lastKnownFileType = sourcecode.swift; path = ReceiptsListViewController.swift; sourceTree = "<group>"; };
		1A4D825A1EB0320B00C6BCD8 /* Base */ = {isa = PBXFileReference; lastKnownFileType = file.storyboard; name = Base; path = Base.lproj/Main.storyboard; sourceTree = "<group>"; };
		1A4D825C1EB0320B00C6BCD8 /* Assets.xcassets */ = {isa = PBXFileReference; lastKnownFileType = folder.assetcatalog; path = Assets.xcassets; sourceTree = "<group>"; };
		1A4D825F1EB0320B00C6BCD8 /* Base */ = {isa = PBXFileReference; lastKnownFileType = file.storyboard; name = Base; path = Base.lproj/LaunchScreen.storyboard; sourceTree = "<group>"; };
		1A4D82611EB0320B00C6BCD8 /* Info.plist */ = {isa = PBXFileReference; lastKnownFileType = text.plist.xml; path = Info.plist; sourceTree = "<group>"; };
		1A4D82661EB0320B00C6BCD8 /* ReceiptsTests.xctest */ = {isa = PBXFileReference; explicitFileType = wrapper.cfbundle; includeInIndex = 0; path = ReceiptsTests.xctest; sourceTree = BUILT_PRODUCTS_DIR; };
		1A4D826A1EB0320B00C6BCD8 /* ReceiptsTests.swift */ = {isa = PBXFileReference; lastKnownFileType = sourcecode.swift; path = ReceiptsTests.swift; sourceTree = "<group>"; };
		1A4D826C1EB0320B00C6BCD8 /* Info.plist */ = {isa = PBXFileReference; lastKnownFileType = text.plist.xml; path = Info.plist; sourceTree = "<group>"; };
		1A4D82711EB0320B00C6BCD8 /* ReceiptsUITests.xctest */ = {isa = PBXFileReference; explicitFileType = wrapper.cfbundle; includeInIndex = 0; path = ReceiptsUITests.xctest; sourceTree = BUILT_PRODUCTS_DIR; };
		1A4D82751EB0320C00C6BCD8 /* ReceiptsUITests.swift */ = {isa = PBXFileReference; lastKnownFileType = sourcecode.swift; path = ReceiptsUITests.swift; sourceTree = "<group>"; };
		1A4D82771EB0320C00C6BCD8 /* Info.plist */ = {isa = PBXFileReference; lastKnownFileType = text.plist.xml; path = Info.plist; sourceTree = "<group>"; };
		1A73EF881EB7C19300089FD3 /* ReceiptDetailViewController.swift */ = {isa = PBXFileReference; fileEncoding = 4; lastKnownFileType = sourcecode.swift; path = ReceiptDetailViewController.swift; sourceTree = "<group>"; };
		1A73EF8A1EB7D26500089FD3 /* NewReceiptFormViewController.swift */ = {isa = PBXFileReference; fileEncoding = 4; lastKnownFileType = sourcecode.swift; path = NewReceiptFormViewController.swift; sourceTree = "<group>"; };
		1A73EF8C1EB7DC0A00089FD3 /* DatePickerInputView.swift */ = {isa = PBXFileReference; fileEncoding = 4; lastKnownFileType = sourcecode.swift; path = DatePickerInputView.swift; sourceTree = "<group>"; };
		1A73EF8E1EB7DCAD00089FD3 /* DatePickerInputView.xib */ = {isa = PBXFileReference; fileEncoding = 4; lastKnownFileType = file.xib; path = DatePickerInputView.xib; sourceTree = "<group>"; };
		1AB24BCC1EC36A5F005E52B1 /* ReceiptRemoteStore.swift */ = {isa = PBXFileReference; fileEncoding = 4; lastKnownFileType = sourcecode.swift; path = ReceiptRemoteStore.swift; sourceTree = "<group>"; };
		1AB24BCE1EC36E71005E52B1 /* RandomRemoteStoreDataSource.swift */ = {isa = PBXFileReference; fileEncoding = 4; lastKnownFileType = sourcecode.swift; path = RandomRemoteStoreDataSource.swift; sourceTree = "<group>"; };
		1AB24BD01EC3A9DD005E52B1 /* sample-receipt.jpg */ = {isa = PBXFileReference; lastKnownFileType = image.jpeg; path = "sample-receipt.jpg"; sourceTree = "<group>"; };
		1AD4AF241EB033F30019DEA2 /* Receipt.swift */ = {isa = PBXFileReference; fileEncoding = 4; lastKnownFileType = sourcecode.swift; path = Receipt.swift; sourceTree = "<group>"; };
		1AD4AF261EB036AF0019DEA2 /* Notes.md */ = {isa = PBXFileReference; lastKnownFileType = net.daringfireball.markdown; path = Notes.md; sourceTree = "<group>"; };
		1AD4AF271EB0399F0019DEA2 /* ReceiptTableViewCell.swift */ = {isa = PBXFileReference; fileEncoding = 4; lastKnownFileType = sourcecode.swift; path = ReceiptTableViewCell.swift; sourceTree = "<group>"; };
		1AF199321ECC0AB400D08AB7 /* NewReceiptFormViewControllerTests.swift */ = {isa = PBXFileReference; fileEncoding = 4; lastKnownFileType = sourcecode.swift; path = NewReceiptFormViewControllerTests.swift; sourceTree = "<group>"; };
		1AFD07131ECC1111000A34F4 /* ReceiptsTests-Bridging-Header.h */ = {isa = PBXFileReference; fileEncoding = 4; lastKnownFileType = sourcecode.c.h; name = "ReceiptsTests-Bridging-Header.h"; path = "ReceiptsTests/ReceiptsTests-Bridging-Header.h"; sourceTree = SOURCE_ROOT; };
		32310D65E99E91D1347CB872 /* Pods_ReceiptsTests.framework */ = {isa = PBXFileReference; explicitFileType = wrapper.framework; includeInIndex = 0; path = Pods_ReceiptsTests.framework; sourceTree = BUILT_PRODUCTS_DIR; };
		E355A089E2008B477DF02789 /* Pods_Receipts.framework */ = {isa = PBXFileReference; explicitFileType = wrapper.framework; includeInIndex = 0; path = Pods_Receipts.framework; sourceTree = BUILT_PRODUCTS_DIR; };
		EE90264655DAC0AB705923DC /* Pods-ReceiptsTests.release.xcconfig */ = {isa = PBXFileReference; includeInIndex = 1; lastKnownFileType = text.xcconfig; name = "Pods-ReceiptsTests.release.xcconfig"; path = "Pods/Target Support Files/Pods-ReceiptsTests/Pods-ReceiptsTests.release.xcconfig"; sourceTree = "<group>"; };
		F59B5D1803A43C26215CE734 /* Pods-ReceiptsTests.debug.xcconfig */ = {isa = PBXFileReference; includeInIndex = 1; lastKnownFileType = text.xcconfig; name = "Pods-ReceiptsTests.debug.xcconfig"; path = "Pods/Target Support Files/Pods-ReceiptsTests/Pods-ReceiptsTests.debug.xcconfig"; sourceTree = "<group>"; };
/* End PBXFileReference section */

/* Begin PBXFrameworksBuildPhase section */
		1A4D824F1EB0320B00C6BCD8 /* Frameworks */ = {
			isa = PBXFrameworksBuildPhase;
			buildActionMask = 2147483647;
			files = (
			);
			runOnlyForDeploymentPostprocessing = 0;
		};
		1A4D82631EB0320B00C6BCD8 /* Frameworks */ = {
			isa = PBXFrameworksBuildPhase;
			buildActionMask = 2147483647;
			files = (
				53B42164BEFEA4ECF8B3ADBD /* Pods_ReceiptsTests.framework in Frameworks */,
			);
			runOnlyForDeploymentPostprocessing = 0;
		};
		1A4D826E1EB0320B00C6BCD8 /* Frameworks */ = {
			isa = PBXFrameworksBuildPhase;
			buildActionMask = 2147483647;
			files = (
			);
			runOnlyForDeploymentPostprocessing = 0;
		};
/* End PBXFrameworksBuildPhase section */

/* Begin PBXGroup section */
		1A4D82491EB0320B00C6BCD8 = {
			isa = PBXGroup;
			children = (
				1AD4AF261EB036AF0019DEA2 /* Notes.md */,
				1A4D82541EB0320B00C6BCD8 /* Receipts */,
				1A4D82691EB0320B00C6BCD8 /* ReceiptsTests */,
				1A4D82741EB0320C00C6BCD8 /* ReceiptsUITests */,
				1A4D82531EB0320B00C6BCD8 /* Products */,
				E95C8F26C30AA7BAAD6506D2 /* Pods */,
				1C7E70F221F952C627C343B7 /* Frameworks */,
			);
			sourceTree = "<group>";
		};
		1A4D82531EB0320B00C6BCD8 /* Products */ = {
			isa = PBXGroup;
			children = (
				1A4D82521EB0320B00C6BCD8 /* Receipts.app */,
				1A4D82661EB0320B00C6BCD8 /* ReceiptsTests.xctest */,
				1A4D82711EB0320B00C6BCD8 /* ReceiptsUITests.xctest */,
			);
			name = Products;
			sourceTree = "<group>";
		};
		1A4D82541EB0320B00C6BCD8 /* Receipts */ = {
			isa = PBXGroup;
			children = (
				1A4D82551EB0320B00C6BCD8 /* AppDelegate.swift */,
				1A4D82571EB0320B00C6BCD8 /* ReceiptsListViewController.swift */,
				1A73EF881EB7C19300089FD3 /* ReceiptDetailViewController.swift */,
				1A73EF8A1EB7D26500089FD3 /* NewReceiptFormViewController.swift */,
				1AD4AF241EB033F30019DEA2 /* Receipt.swift */,
				1AD4AF271EB0399F0019DEA2 /* ReceiptTableViewCell.swift */,
				1AB24BCC1EC36A5F005E52B1 /* ReceiptRemoteStore.swift */,
				1AB24BCE1EC36E71005E52B1 /* RandomRemoteStoreDataSource.swift */,
				1A4D82591EB0320B00C6BCD8 /* Main.storyboard */,
				1A73EF8C1EB7DC0A00089FD3 /* DatePickerInputView.swift */,
				1A73EF8E1EB7DCAD00089FD3 /* DatePickerInputView.xib */,
				1A4D825C1EB0320B00C6BCD8 /* Assets.xcassets */,
				1A4D825E1EB0320B00C6BCD8 /* LaunchScreen.storyboard */,
				1AB24BD01EC3A9DD005E52B1 /* sample-receipt.jpg */,
				1A4D82611EB0320B00C6BCD8 /* Info.plist */,
			);
			path = Receipts;
			sourceTree = "<group>";
		};
		1A4D82691EB0320B00C6BCD8 /* ReceiptsTests */ = {
			isa = PBXGroup;
			children = (
				1AFD07131ECC1111000A34F4 /* ReceiptsTests-Bridging-Header.h */,
				1A4D826A1EB0320B00C6BCD8 /* ReceiptsTests.swift */,
				1A4D826C1EB0320B00C6BCD8 /* Info.plist */,
				1AF199321ECC0AB400D08AB7 /* NewReceiptFormViewControllerTests.swift */,
			);
			path = ReceiptsTests;
			sourceTree = "<group>";
		};
		1A4D82741EB0320C00C6BCD8 /* ReceiptsUITests */ = {
			isa = PBXGroup;
			children = (
				1A4D82751EB0320C00C6BCD8 /* ReceiptsUITests.swift */,
				1A4D82771EB0320C00C6BCD8 /* Info.plist */,
			);
			path = ReceiptsUITests;
			sourceTree = "<group>";
		};
		1C7E70F221F952C627C343B7 /* Frameworks */ = {
			isa = PBXGroup;
			children = (
				E355A089E2008B477DF02789 /* Pods_Receipts.framework */,
				32310D65E99E91D1347CB872 /* Pods_ReceiptsTests.framework */,
			);
			name = Frameworks;
			sourceTree = "<group>";
		};
		E95C8F26C30AA7BAAD6506D2 /* Pods */ = {
			isa = PBXGroup;
			children = (
				F59B5D1803A43C26215CE734 /* Pods-ReceiptsTests.debug.xcconfig */,
				EE90264655DAC0AB705923DC /* Pods-ReceiptsTests.release.xcconfig */,
			);
			name = Pods;
			sourceTree = "<group>";
		};
/* End PBXGroup section */

/* Begin PBXNativeTarget section */
		1A4D82511EB0320B00C6BCD8 /* Receipts */ = {
			isa = PBXNativeTarget;
			buildConfigurationList = 1A4D827A1EB0320C00C6BCD8 /* Build configuration list for PBXNativeTarget "Receipts" */;
			buildPhases = (
				1A4D824E1EB0320B00C6BCD8 /* Sources */,
				1A4D824F1EB0320B00C6BCD8 /* Frameworks */,
				1A4D82501EB0320B00C6BCD8 /* Resources */,
			);
			buildRules = (
			);
			dependencies = (
			);
			name = Receipts;
			productName = Receipts;
			productReference = 1A4D82521EB0320B00C6BCD8 /* Receipts.app */;
			productType = "com.apple.product-type.application";
		};
		1A4D82651EB0320B00C6BCD8 /* ReceiptsTests */ = {
			isa = PBXNativeTarget;
			buildConfigurationList = 1A4D827D1EB0320C00C6BCD8 /* Build configuration list for PBXNativeTarget "ReceiptsTests" */;
			buildPhases = (
				E1827A69B358D4CA97C2AA0D /* [CP] Check Pods Manifest.lock */,
				1A4D82621EB0320B00C6BCD8 /* Sources */,
				1A4D82631EB0320B00C6BCD8 /* Frameworks */,
				1A4D82641EB0320B00C6BCD8 /* Resources */,
				9FBD0824DC9A2CC5C21A518C /* [CP] Embed Pods Frameworks */,
				95D16A26422E2DA1A67C9C62 /* [CP] Copy Pods Resources */,
			);
			buildRules = (
			);
			dependencies = (
				1A4D82681EB0320B00C6BCD8 /* PBXTargetDependency */,
			);
			name = ReceiptsTests;
			productName = ReceiptsTests;
			productReference = 1A4D82661EB0320B00C6BCD8 /* ReceiptsTests.xctest */;
			productType = "com.apple.product-type.bundle.unit-test";
		};
		1A4D82701EB0320B00C6BCD8 /* ReceiptsUITests */ = {
			isa = PBXNativeTarget;
			buildConfigurationList = 1A4D82801EB0320C00C6BCD8 /* Build configuration list for PBXNativeTarget "ReceiptsUITests" */;
			buildPhases = (
				1A4D826D1EB0320B00C6BCD8 /* Sources */,
				1A4D826E1EB0320B00C6BCD8 /* Frameworks */,
				1A4D826F1EB0320B00C6BCD8 /* Resources */,
			);
			buildRules = (
			);
			dependencies = (
				1A4D82731EB0320B00C6BCD8 /* PBXTargetDependency */,
			);
			name = ReceiptsUITests;
			productName = ReceiptsUITests;
			productReference = 1A4D82711EB0320B00C6BCD8 /* ReceiptsUITests.xctest */;
			productType = "com.apple.product-type.bundle.ui-testing";
		};
/* End PBXNativeTarget section */

/* Begin PBXProject section */
		1A4D824A1EB0320B00C6BCD8 /* Project object */ = {
			isa = PBXProject;
			attributes = {
				LastSwiftUpdateCheck = 0830;
				LastUpgradeCheck = 0830;
				ORGANIZATIONNAME = "Zorn Labs";
				TargetAttributes = {
					1A4D82511EB0320B00C6BCD8 = {
						CreatedOnToolsVersion = 8.3.2;
						ProvisioningStyle = Automatic;
					};
					1A4D82651EB0320B00C6BCD8 = {
						CreatedOnToolsVersion = 8.3.2;
						ProvisioningStyle = Automatic;
						TestTargetID = 1A4D82511EB0320B00C6BCD8;
					};
					1A4D82701EB0320B00C6BCD8 = {
						CreatedOnToolsVersion = 8.3.2;
						ProvisioningStyle = Automatic;
						TestTargetID = 1A4D82511EB0320B00C6BCD8;
					};
				};
			};
			buildConfigurationList = 1A4D824D1EB0320B00C6BCD8 /* Build configuration list for PBXProject "Receipts" */;
			compatibilityVersion = "Xcode 3.2";
			developmentRegion = English;
			hasScannedForEncodings = 0;
			knownRegions = (
				en,
				Base,
			);
			mainGroup = 1A4D82491EB0320B00C6BCD8;
			productRefGroup = 1A4D82531EB0320B00C6BCD8 /* Products */;
			projectDirPath = "";
			projectRoot = "";
			targets = (
				1A4D82511EB0320B00C6BCD8 /* Receipts */,
				1A4D82651EB0320B00C6BCD8 /* ReceiptsTests */,
				1A4D82701EB0320B00C6BCD8 /* ReceiptsUITests */,
			);
		};
/* End PBXProject section */

/* Begin PBXResourcesBuildPhase section */
		1A4D82501EB0320B00C6BCD8 /* Resources */ = {
			isa = PBXResourcesBuildPhase;
			buildActionMask = 2147483647;
			files = (
				1A4D82601EB0320B00C6BCD8 /* LaunchScreen.storyboard in Resources */,
				1A4D825D1EB0320B00C6BCD8 /* Assets.xcassets in Resources */,
				1A4D825B1EB0320B00C6BCD8 /* Main.storyboard in Resources */,
				1A73EF8F1EB7DCAD00089FD3 /* DatePickerInputView.xib in Resources */,
				1AB24BD11EC3A9DD005E52B1 /* sample-receipt.jpg in Resources */,
			);
			runOnlyForDeploymentPostprocessing = 0;
		};
		1A4D82641EB0320B00C6BCD8 /* Resources */ = {
			isa = PBXResourcesBuildPhase;
			buildActionMask = 2147483647;
			files = (
			);
			runOnlyForDeploymentPostprocessing = 0;
		};
		1A4D826F1EB0320B00C6BCD8 /* Resources */ = {
			isa = PBXResourcesBuildPhase;
			buildActionMask = 2147483647;
			files = (
			);
			runOnlyForDeploymentPostprocessing = 0;
		};
/* End PBXResourcesBuildPhase section */

/* Begin PBXShellScriptBuildPhase section */
		95D16A26422E2DA1A67C9C62 /* [CP] Copy Pods Resources */ = {
			isa = PBXShellScriptBuildPhase;
			buildActionMask = 2147483647;
			files = (
			);
			inputPaths = (
			);
			name = "[CP] Copy Pods Resources";
			outputPaths = (
			);
			runOnlyForDeploymentPostprocessing = 0;
			shellPath = /bin/sh;
			shellScript = "\"${SRCROOT}/Pods/Target Support Files/Pods-ReceiptsTests/Pods-ReceiptsTests-resources.sh\"\n";
			showEnvVarsInLog = 0;
		};
		9FBD0824DC9A2CC5C21A518C /* [CP] Embed Pods Frameworks */ = {
			isa = PBXShellScriptBuildPhase;
			buildActionMask = 2147483647;
			files = (
			);
			inputPaths = (
			);
			name = "[CP] Embed Pods Frameworks";
			outputPaths = (
			);
			runOnlyForDeploymentPostprocessing = 0;
			shellPath = /bin/sh;
			shellScript = "\"${SRCROOT}/Pods/Target Support Files/Pods-ReceiptsTests/Pods-ReceiptsTests-frameworks.sh\"\n";
			showEnvVarsInLog = 0;
		};
		E1827A69B358D4CA97C2AA0D /* [CP] Check Pods Manifest.lock */ = {
			isa = PBXShellScriptBuildPhase;
			buildActionMask = 2147483647;
			files = (
			);
			inputPaths = (
			);
			name = "[CP] Check Pods Manifest.lock";
			outputPaths = (
			);
			runOnlyForDeploymentPostprocessing = 0;
			shellPath = /bin/sh;
			shellScript = "diff \"${PODS_PODFILE_DIR_PATH}/Podfile.lock\" \"${PODS_ROOT}/Manifest.lock\" > /dev/null\nif [ $? != 0 ] ; then\n    # print error to STDERR\n    echo \"error: The sandbox is not in sync with the Podfile.lock. Run 'pod install' or update your CocoaPods installation.\" >&2\n    exit 1\nfi\n";
			showEnvVarsInLog = 0;
		};
/* End PBXShellScriptBuildPhase section */

/* Begin PBXSourcesBuildPhase section */
		1A4D824E1EB0320B00C6BCD8 /* Sources */ = {
			isa = PBXSourcesBuildPhase;
			buildActionMask = 2147483647;
			files = (
				1AB24BCD1EC36A5F005E52B1 /* ReceiptRemoteStore.swift in Sources */,
				1AD4AF281EB0399F0019DEA2 /* ReceiptTableViewCell.swift in Sources */,
				1AD4AF251EB033F30019DEA2 /* Receipt.swift in Sources */,
				1A73EF8B1EB7D26500089FD3 /* NewReceiptFormViewController.swift in Sources */,
				1A4D82581EB0320B00C6BCD8 /* ReceiptsListViewController.swift in Sources */,
				1A4D82561EB0320B00C6BCD8 /* AppDelegate.swift in Sources */,
				1A73EF8D1EB7DC0A00089FD3 /* DatePickerInputView.swift in Sources */,
				1A73EF891EB7C19300089FD3 /* ReceiptDetailViewController.swift in Sources */,
				1AB24BCF1EC36E71005E52B1 /* RandomRemoteStoreDataSource.swift in Sources */,
			);
			runOnlyForDeploymentPostprocessing = 0;
		};
		1A4D82621EB0320B00C6BCD8 /* Sources */ = {
			isa = PBXSourcesBuildPhase;
			buildActionMask = 2147483647;
			files = (
				1AF199331ECC0AB400D08AB7 /* NewReceiptFormViewControllerTests.swift in Sources */,
				1A4D826B1EB0320B00C6BCD8 /* ReceiptsTests.swift in Sources */,
			);
			runOnlyForDeploymentPostprocessing = 0;
		};
		1A4D826D1EB0320B00C6BCD8 /* Sources */ = {
			isa = PBXSourcesBuildPhase;
			buildActionMask = 2147483647;
			files = (
				1A4D82761EB0320C00C6BCD8 /* ReceiptsUITests.swift in Sources */,
			);
			runOnlyForDeploymentPostprocessing = 0;
		};
/* End PBXSourcesBuildPhase section */

/* Begin PBXTargetDependency section */
		1A4D82681EB0320B00C6BCD8 /* PBXTargetDependency */ = {
			isa = PBXTargetDependency;
			target = 1A4D82511EB0320B00C6BCD8 /* Receipts */;
			targetProxy = 1A4D82671EB0320B00C6BCD8 /* PBXContainerItemProxy */;
		};
		1A4D82731EB0320B00C6BCD8 /* PBXTargetDependency */ = {
			isa = PBXTargetDependency;
			target = 1A4D82511EB0320B00C6BCD8 /* Receipts */;
			targetProxy = 1A4D82721EB0320B00C6BCD8 /* PBXContainerItemProxy */;
		};
/* End PBXTargetDependency section */

/* Begin PBXVariantGroup section */
		1A4D82591EB0320B00C6BCD8 /* Main.storyboard */ = {
			isa = PBXVariantGroup;
			children = (
				1A4D825A1EB0320B00C6BCD8 /* Base */,
			);
			name = Main.storyboard;
			sourceTree = "<group>";
		};
		1A4D825E1EB0320B00C6BCD8 /* LaunchScreen.storyboard */ = {
			isa = PBXVariantGroup;
			children = (
				1A4D825F1EB0320B00C6BCD8 /* Base */,
			);
			name = LaunchScreen.storyboard;
			sourceTree = "<group>";
		};
/* End PBXVariantGroup section */

/* Begin XCBuildConfiguration section */
		1A4D82781EB0320C00C6BCD8 /* Debug */ = {
			isa = XCBuildConfiguration;
			buildSettings = {
				ALWAYS_SEARCH_USER_PATHS = NO;
				CLANG_ANALYZER_NONNULL = YES;
				CLANG_ANALYZER_NUMBER_OBJECT_CONVERSION = YES_AGGRESSIVE;
				CLANG_CXX_LANGUAGE_STANDARD = "gnu++0x";
				CLANG_CXX_LIBRARY = "libc++";
				CLANG_ENABLE_MODULES = YES;
				CLANG_ENABLE_OBJC_ARC = YES;
				CLANG_WARN_BOOL_CONVERSION = YES;
				CLANG_WARN_CONSTANT_CONVERSION = YES;
				CLANG_WARN_DIRECT_OBJC_ISA_USAGE = YES_ERROR;
				CLANG_WARN_DOCUMENTATION_COMMENTS = YES;
				CLANG_WARN_EMPTY_BODY = YES;
				CLANG_WARN_ENUM_CONVERSION = YES;
				CLANG_WARN_INFINITE_RECURSION = YES;
				CLANG_WARN_INT_CONVERSION = YES;
				CLANG_WARN_OBJC_ROOT_CLASS = YES_ERROR;
				CLANG_WARN_SUSPICIOUS_MOVE = YES;
				CLANG_WARN_UNREACHABLE_CODE = YES;
				CLANG_WARN__DUPLICATE_METHOD_MATCH = YES;
				"CODE_SIGN_IDENTITY[sdk=iphoneos*]" = "iPhone Developer";
				COPY_PHASE_STRIP = NO;
				DEBUG_INFORMATION_FORMAT = dwarf;
				ENABLE_STRICT_OBJC_MSGSEND = YES;
				ENABLE_TESTABILITY = YES;
				GCC_C_LANGUAGE_STANDARD = gnu99;
				GCC_DYNAMIC_NO_PIC = NO;
				GCC_NO_COMMON_BLOCKS = YES;
				GCC_OPTIMIZATION_LEVEL = 0;
				GCC_PREPROCESSOR_DEFINITIONS = (
					"DEBUG=1",
					"$(inherited)",
				);
				GCC_WARN_64_TO_32_BIT_CONVERSION = YES;
				GCC_WARN_ABOUT_RETURN_TYPE = YES_ERROR;
				GCC_WARN_UNDECLARED_SELECTOR = YES;
				GCC_WARN_UNINITIALIZED_AUTOS = YES_AGGRESSIVE;
				GCC_WARN_UNUSED_FUNCTION = YES;
				GCC_WARN_UNUSED_VARIABLE = YES;
				IPHONEOS_DEPLOYMENT_TARGET = 10.3;
				MTL_ENABLE_DEBUG_INFO = YES;
				ONLY_ACTIVE_ARCH = YES;
				SDKROOT = iphoneos;
				SWIFT_ACTIVE_COMPILATION_CONDITIONS = DEBUG;
				SWIFT_OPTIMIZATION_LEVEL = "-Onone";
			};
			name = Debug;
		};
		1A4D82791EB0320C00C6BCD8 /* Release */ = {
			isa = XCBuildConfiguration;
			buildSettings = {
				ALWAYS_SEARCH_USER_PATHS = NO;
				CLANG_ANALYZER_NONNULL = YES;
				CLANG_ANALYZER_NUMBER_OBJECT_CONVERSION = YES_AGGRESSIVE;
				CLANG_CXX_LANGUAGE_STANDARD = "gnu++0x";
				CLANG_CXX_LIBRARY = "libc++";
				CLANG_ENABLE_MODULES = YES;
				CLANG_ENABLE_OBJC_ARC = YES;
				CLANG_WARN_BOOL_CONVERSION = YES;
				CLANG_WARN_CONSTANT_CONVERSION = YES;
				CLANG_WARN_DIRECT_OBJC_ISA_USAGE = YES_ERROR;
				CLANG_WARN_DOCUMENTATION_COMMENTS = YES;
				CLANG_WARN_EMPTY_BODY = YES;
				CLANG_WARN_ENUM_CONVERSION = YES;
				CLANG_WARN_INFINITE_RECURSION = YES;
				CLANG_WARN_INT_CONVERSION = YES;
				CLANG_WARN_OBJC_ROOT_CLASS = YES_ERROR;
				CLANG_WARN_SUSPICIOUS_MOVE = YES;
				CLANG_WARN_UNREACHABLE_CODE = YES;
				CLANG_WARN__DUPLICATE_METHOD_MATCH = YES;
				"CODE_SIGN_IDENTITY[sdk=iphoneos*]" = "iPhone Developer";
				COPY_PHASE_STRIP = NO;
				DEBUG_INFORMATION_FORMAT = "dwarf-with-dsym";
				ENABLE_NS_ASSERTIONS = NO;
				ENABLE_STRICT_OBJC_MSGSEND = YES;
				GCC_C_LANGUAGE_STANDARD = gnu99;
				GCC_NO_COMMON_BLOCKS = YES;
				GCC_WARN_64_TO_32_BIT_CONVERSION = YES;
				GCC_WARN_ABOUT_RETURN_TYPE = YES_ERROR;
				GCC_WARN_UNDECLARED_SELECTOR = YES;
				GCC_WARN_UNINITIALIZED_AUTOS = YES_AGGRESSIVE;
				GCC_WARN_UNUSED_FUNCTION = YES;
				GCC_WARN_UNUSED_VARIABLE = YES;
				IPHONEOS_DEPLOYMENT_TARGET = 10.3;
				MTL_ENABLE_DEBUG_INFO = NO;
				SDKROOT = iphoneos;
				SWIFT_OPTIMIZATION_LEVEL = "-Owholemodule";
				VALIDATE_PRODUCT = YES;
			};
			name = Release;
		};
		1A4D827B1EB0320C00C6BCD8 /* Debug */ = {
			isa = XCBuildConfiguration;
			buildSettings = {
				ASSETCATALOG_COMPILER_APPICON_NAME = AppIcon;
				INFOPLIST_FILE = Receipts/Info.plist;
				LD_RUNPATH_SEARCH_PATHS = "$(inherited) @executable_path/Frameworks";
				PRODUCT_BUNDLE_IDENTIFIER = com.zornlabs.receipts;
				PRODUCT_NAME = "$(TARGET_NAME)";
				SWIFT_VERSION = 3.0;
			};
			name = Debug;
		};
		1A4D827C1EB0320C00C6BCD8 /* Release */ = {
			isa = XCBuildConfiguration;
			buildSettings = {
				ASSETCATALOG_COMPILER_APPICON_NAME = AppIcon;
				INFOPLIST_FILE = Receipts/Info.plist;
				LD_RUNPATH_SEARCH_PATHS = "$(inherited) @executable_path/Frameworks";
				PRODUCT_BUNDLE_IDENTIFIER = com.zornlabs.receipts;
				PRODUCT_NAME = "$(TARGET_NAME)";
				SWIFT_VERSION = 3.0;
			};
			name = Release;
		};
		1A4D827E1EB0320C00C6BCD8 /* Debug */ = {
			isa = XCBuildConfiguration;
			baseConfigurationReference = F59B5D1803A43C26215CE734 /* Pods-ReceiptsTests.debug.xcconfig */;
			buildSettings = {
				BUNDLE_LOADER = "$(TEST_HOST)";
				INFOPLIST_FILE = ReceiptsTests/Info.plist;
				LD_RUNPATH_SEARCH_PATHS = "$(inherited) @executable_path/Frameworks @loader_path/Frameworks";
				PRODUCT_BUNDLE_IDENTIFIER = com.zornlabs.ReceiptsTests;
				PRODUCT_NAME = "$(TARGET_NAME)";
				SWIFT_OBJC_BRIDGING_HEADER = "ReceiptsTests/ReceiptsTests-Bridging-Header.h";
				SWIFT_VERSION = 3.0;
				TEST_HOST = "$(BUILT_PRODUCTS_DIR)/Receipts.app/Receipts";
			};
			name = Debug;
		};
		1A4D827F1EB0320C00C6BCD8 /* Release */ = {
			isa = XCBuildConfiguration;
			baseConfigurationReference = EE90264655DAC0AB705923DC /* Pods-ReceiptsTests.release.xcconfig */;
			buildSettings = {
				BUNDLE_LOADER = "$(TEST_HOST)";
				INFOPLIST_FILE = ReceiptsTests/Info.plist;
				LD_RUNPATH_SEARCH_PATHS = "$(inherited) @executable_path/Frameworks @loader_path/Frameworks";
				PRODUCT_BUNDLE_IDENTIFIER = com.zornlabs.ReceiptsTests;
				PRODUCT_NAME = "$(TARGET_NAME)";
				SWIFT_OBJC_BRIDGING_HEADER = "ReceiptsTests/ReceiptsTests-Bridging-Header.h";
				SWIFT_VERSION = 3.0;
				TEST_HOST = "$(BUILT_PRODUCTS_DIR)/Receipts.app/Receipts";
			};
			name = Release;
		};
		1A4D82811EB0320C00C6BCD8 /* Debug */ = {
			isa = XCBuildConfiguration;
			buildSettings = {
				INFOPLIST_FILE = ReceiptsUITests/Info.plist;
				LD_RUNPATH_SEARCH_PATHS = "$(inherited) @executable_path/Frameworks @loader_path/Frameworks";
				PRODUCT_BUNDLE_IDENTIFIER = com.zornlabs.ReceiptsUITests;
				PRODUCT_NAME = "$(TARGET_NAME)";
				SWIFT_VERSION = 3.0;
				TEST_TARGET_NAME = Receipts;
			};
			name = Debug;
		};
		1A4D82821EB0320C00C6BCD8 /* Release */ = {
			isa = XCBuildConfiguration;
			buildSettings = {
				INFOPLIST_FILE = ReceiptsUITests/Info.plist;
				LD_RUNPATH_SEARCH_PATHS = "$(inherited) @executable_path/Frameworks @loader_path/Frameworks";
				PRODUCT_BUNDLE_IDENTIFIER = com.zornlabs.ReceiptsUITests;
				PRODUCT_NAME = "$(TARGET_NAME)";
				SWIFT_VERSION = 3.0;
				TEST_TARGET_NAME = Receipts;
			};
			name = Release;
		};
/* End XCBuildConfiguration section */

/* Begin XCConfigurationList section */
		1A4D824D1EB0320B00C6BCD8 /* Build configuration list for PBXProject "Receipts" */ = {
			isa = XCConfigurationList;
			buildConfigurations = (
				1A4D82781EB0320C00C6BCD8 /* Debug */,
				1A4D82791EB0320C00C6BCD8 /* Release */,
			);
			defaultConfigurationIsVisible = 0;
			defaultConfigurationName = Release;
		};
		1A4D827A1EB0320C00C6BCD8 /* Build configuration list for PBXNativeTarget "Receipts" */ = {
			isa = XCConfigurationList;
			buildConfigurations = (
				1A4D827B1EB0320C00C6BCD8 /* Debug */,
				1A4D827C1EB0320C00C6BCD8 /* Release */,
			);
			defaultConfigurationIsVisible = 0;
			defaultConfigurationName = Release;
		};
		1A4D827D1EB0320C00C6BCD8 /* Build configuration list for PBXNativeTarget "ReceiptsTests" */ = {
			isa = XCConfigurationList;
			buildConfigurations = (
				1A4D827E1EB0320C00C6BCD8 /* Debug */,
				1A4D827F1EB0320C00C6BCD8 /* Release */,
			);
			defaultConfigurationIsVisible = 0;
			defaultConfigurationName = Release;
		};
		1A4D82801EB0320C00C6BCD8 /* Build configuration list for PBXNativeTarget "ReceiptsUITests" */ = {
			isa = XCConfigurationList;
			buildConfigurations = (
				1A4D82811EB0320C00C6BCD8 /* Debug */,
				1A4D82821EB0320C00C6BCD8 /* Release */,
			);
			defaultConfigurationIsVisible = 0;
			defaultConfigurationName = Release;
		};
/* End XCConfigurationList section */
	};
	rootObject = 1A4D824A1EB0320B00C6BCD8 /* Project object */;
}
